
Microsoft Visual Studio Solution File, Format Version 12.00
# Visual Studio Version 17
VisualStudioVersion = 17.8.34511.84
MinimumVisualStudioVersion = 10.0.40219.1
Project("{9A19103F-16F7-4668-BE54-9A1E7A4F7556}") = "Forms", "CargoTrans\Forms.csproj", "{47F2EB70-2FD0-43FE-95AD-AB475FEB1EB4}"
EndProject
Project("{9A19103F-16F7-4668-BE54-9A1E7A4F7556}") = "DataAccess.Postgres", "DB\DataAccess.Postgres.csproj", "{EC33E8FE-5708-49D5-9B92-0FF40979C762}"
EndProject
Project("{9A19103F-16F7-4668-BE54-9A1E7A4F7556}") = "LearningPlatform.DataAccess.Postgres", "..\..\..\..\..\..\Projects\LearningPlatform\LearningPlatform.DataAccess.Postgres\LearningPlatform.DataAccess.Postgres.csproj", "{0ECE6162-45F5-43BB-8D91-4ECDD8B6C555}"
EndProject
Global
	GlobalSection(SolutionConfigurationPlatforms) = preSolution
		Debug|Any CPU = Debug|Any CPU
		Release|Any CPU = Release|Any CPU
	EndGlobalSection
	GlobalSection(ProjectConfigurationPlatforms) = postSolution
		{47F2EB70-2FD0-43FE-95AD-AB475FEB1EB4}.Debug|Any CPU.ActiveCfg = Debug|Any CPU
		{47F2EB70-2FD0-43FE-95AD-AB475FEB1EB4}.Debug|Any CPU.Build.0 = Debug|Any CPU
		{47F2EB70-2FD0-43FE-95AD-AB475FEB1EB4}.Release|Any CPU.ActiveCfg = Release|Any CPU
		{47F2EB70-2FD0-43FE-95AD-AB475FEB1EB4}.Release|Any CPU.Build.0 = Release|Any CPU
		{EC33E8FE-5708-49D5-9B92-0FF40979C762}.Debug|Any CPU.ActiveCfg = Debug|Any CPU
		{EC33E8FE-5708-49D5-9B92-0FF40979C762}.Debug|Any CPU.Build.0 = Debug|Any CPU
		{EC33E8FE-5708-49D5-9B92-0FF40979C762}.Release|Any CPU.ActiveCfg = Release|Any CPU
		{EC33E8FE-5708-49D5-9B92-0FF40979C762}.Release|Any CPU.Build.0 = Release|Any CPU
		{0ECE6162-45F5-43BB-8D91-4ECDD8B6C555}.Debug|Any CPU.ActiveCfg = Debug|Any CPU
		{0ECE6162-45F5-43BB-8D91-4ECDD8B6C555}.Debug|Any CPU.Build.0 = Debug|Any CPU
		{0ECE6162-45F5-43BB-8D91-4ECDD8B6C555}.Release|Any CPU.ActiveCfg = Release|Any CPU
		{0ECE6162-45F5-43BB-8D91-4ECDD8B6C555}.Release|Any CPU.Build.0 = Release|Any CPU
	EndGlobalSection
	GlobalSection(SolutionProperties) = preSolution
		HideSolutionNode = FALSE
	EndGlobalSection
	GlobalSection(ExtensibilityGlobals) = postSolution
		SolutionGuid = {B2E7F8C4-D031-4470-8C81-10F262E1EF11}
	EndGlobalSection
EndGlobal
